
Microsoft Visual Studio Solution File, Format Version 12.00
# Visual Studio Version 17
VisualStudioVersion = 17.5.002.0
MinimumVisualStudioVersion = 10.0.40219.1
Project("{9A19103F-16F7-4668-BE54-9A1E7A4F7556}") = "motoRental", "motoRental.csproj", "{DA751D44-8B39-4984-8786-96D853867C80}"
EndProject
Global
	GlobalSection(SolutionConfigurationPlatforms) = preSolution
		Debug|Any CPU = Debug|Any CPU
		Release|Any CPU = Release|Any CPU
	EndGlobalSection
	GlobalSection(ProjectConfigurationPlatforms) = postSolution
		{DA751D44-8B39-4984-8786-96D853867C80}.Debug|Any CPU.ActiveCfg = Debug|Any CPU
		{DA751D44-8B39-4984-8786-96D853867C80}.Debug|Any CPU.Build.0 = Debug|Any CPU
		{DA751D44-8B39-4984-8786-96D853867C80}.Release|Any CPU.ActiveCfg = Release|Any CPU
		{DA751D44-8B39-4984-8786-96D853867C80}.Release|Any CPU.Build.0 = Release|Any CPU
	EndGlobalSection
	GlobalSection(SolutionProperties) = preSolution
		HideSolutionNode = FALSE
	EndGlobalSection
	GlobalSection(ExtensibilityGlobals) = postSolution
		SolutionGuid = {2B92BEE4-2AB9-455C-8FDC-85672803034A}
	EndGlobalSection
EndGlobal
